
Microsoft Visual Studio Solution File, Format Version 11.00
# Visual Studio 2010
Project("{FAE04EC0-301F-11D3-BF4B-00C04F79EFBC}") = "CB 4.0", "Assembly-CSharp.csproj", "{F094E657-8BA1-7CE9-9A7A-1DF3E97C3F0B}"
EndProject
Project("{FAE04EC0-301F-11D3-BF4B-00C04F79EFBC}") = "CB 4.0", "Assembly-CSharp-firstpass.csproj", "{B118CBB0-E156-6E1A-73BC-B74F13A63CEC}"
EndProject
Project("{FAE04EC0-301F-11D3-BF4B-00C04F79EFBC}") = "CB 4.0", "Assembly-CSharp-Editor-firstpass.csproj", "{5AA2765F-588D-C789-66B7-216DD784E6DD}"
EndProject
Global
	GlobalSection(SolutionConfigurationPlatforms) = preSolution
		Debug|Any CPU = Debug|Any CPU
		Release|Any CPU = Release|Any CPU
	EndGlobalSection
	GlobalSection(ProjectConfigurationPlatforms) = postSolution
		{F094E657-8BA1-7CE9-9A7A-1DF3E97C3F0B}.Debug|Any CPU.ActiveCfg = Debug|Any CPU
		{F094E657-8BA1-7CE9-9A7A-1DF3E97C3F0B}.Debug|Any CPU.Build.0 = Debug|Any CPU
		{F094E657-8BA1-7CE9-9A7A-1DF3E97C3F0B}.Release|Any CPU.ActiveCfg = Release|Any CPU
		{F094E657-8BA1-7CE9-9A7A-1DF3E97C3F0B}.Release|Any CPU.Build.0 = Release|Any CPU
		{B118CBB0-E156-6E1A-73BC-B74F13A63CEC}.Debug|Any CPU.ActiveCfg = Debug|Any CPU
		{B118CBB0-E156-6E1A-73BC-B74F13A63CEC}.Debug|Any CPU.Build.0 = Debug|Any CPU
		{B118CBB0-E156-6E1A-73BC-B74F13A63CEC}.Release|Any CPU.ActiveCfg = Release|Any CPU
		{B118CBB0-E156-6E1A-73BC-B74F13A63CEC}.Release|Any CPU.Build.0 = Release|Any CPU
		{5AA2765F-588D-C789-66B7-216DD784E6DD}.Debug|Any CPU.ActiveCfg = Debug|Any CPU
		{5AA2765F-588D-C789-66B7-216DD784E6DD}.Debug|Any CPU.Build.0 = Debug|Any CPU
		{5AA2765F-588D-C789-66B7-216DD784E6DD}.Release|Any CPU.ActiveCfg = Release|Any CPU
		{5AA2765F-588D-C789-66B7-216DD784E6DD}.Release|Any CPU.Build.0 = Release|Any CPU
	EndGlobalSection
	GlobalSection(SolutionProperties) = preSolution
		HideSolutionNode = FALSE
	EndGlobalSection
	GlobalSection(MonoDevelopProperties) = preSolution
		StartupItem = Assembly-CSharp.csproj
	EndGlobalSection
EndGlobal
